
Microsoft Visual Studio Solution File, Format Version 12.00
# Visual Studio Version 16
VisualStudioVersion = 16.0.28803.452
MinimumVisualStudioVersion = 10.0.40219.1
Project("{FAE04EC0-301F-11D3-BF4B-00C04F79EFBC}") = "Cine", "Cine\Cine.csproj", "{114D0C7A-A952-46F2-BD1F-D4E753AE1D70}"
EndProject
Global
	GlobalSection(SolutionConfigurationPlatforms) = preSolution
		Debug|Any CPU = Debug|Any CPU
		Release|Any CPU = Release|Any CPU
	EndGlobalSection
	GlobalSection(ProjectConfigurationPlatforms) = postSolution
		{114D0C7A-A952-46F2-BD1F-D4E753AE1D70}.Debug|Any CPU.ActiveCfg = Debug|Any CPU
		{114D0C7A-A952-46F2-BD1F-D4E753AE1D70}.Debug|Any CPU.Build.0 = Debug|Any CPU
		{114D0C7A-A952-46F2-BD1F-D4E753AE1D70}.Release|Any CPU.ActiveCfg = Release|Any CPU
		{114D0C7A-A952-46F2-BD1F-D4E753AE1D70}.Release|Any CPU.Build.0 = Release|Any CPU
	EndGlobalSection
	GlobalSection(SolutionProperties) = preSolution
		HideSolutionNode = FALSE
	EndGlobalSection
	GlobalSection(ExtensibilityGlobals) = postSolution
		SolutionGuid = {BD895F26-E5E8-46DB-AA33-1D91A92A3569}
	EndGlobalSection
EndGlobal
